// !$*UTF8*$!
{
	archiveVersion = 1;
	classes = {
	};
	objectVersion = 46;
	objects = {

/* Begin PBXBuildFile section */
		28238EC363A5DE6E0424C7A6 /* libPods.a in Frameworks */ = {isa = PBXBuildFile; fileRef = 82FFACB3C1AC11B5C4864FC7 /* libPods.a */; };
		D9B2AEC31B3B245100E1F576 /* main.m in Sources */ = {isa = PBXBuildFile; fileRef = D9B2AEC21B3B245100E1F576 /* main.m */; };
		D9B2AEC61B3B245100E1F576 /* AppDelegate.m in Sources */ = {isa = PBXBuildFile; fileRef = D9B2AEC51B3B245100E1F576 /* AppDelegate.m */; };
		D9B2AECF1B3B245100E1F576 /* Main.storyboard in Resources */ = {isa = PBXBuildFile; fileRef = D9B2AECD1B3B245100E1F576 /* Main.storyboard */; };
		D9B2AED11B3B245100E1F576 /* Images.xcassets in Resources */ = {isa = PBXBuildFile; fileRef = D9B2AED01B3B245100E1F576 /* Images.xcassets */; };
		D9B2AED41B3B245100E1F576 /* LaunchScreen.xib in Resources */ = {isa = PBXBuildFile; fileRef = D9B2AED21B3B245100E1F576 /* LaunchScreen.xib */; };
		D9B2AEE01B3B245100E1F576 /* eCommTests.m in Sources */ = {isa = PBXBuildFile; fileRef = D9B2AEDF1B3B245100E1F576 /* eCommTests.m */; };
		D9B2AEEE1B3B26F700E1F576 /* NearbyViewController.m in Sources */ = {isa = PBXBuildFile; fileRef = D9B2AEED1B3B26F700E1F576 /* NearbyViewController.m */; };
		D9B2AEF31B3B27BD00E1F576 /* ShopListViewController.m in Sources */ = {isa = PBXBuildFile; fileRef = D9B2AEF21B3B27BD00E1F576 /* ShopListViewController.m */; };
		D9B2AEF61B3B27CC00E1F576 /* ItemListViewController.m in Sources */ = {isa = PBXBuildFile; fileRef = D9B2AEF51B3B27CC00E1F576 /* ItemListViewController.m */; };
		D9B2AEF91B3B2A5200E1F576 /* MyCartViewController.m in Sources */ = {isa = PBXBuildFile; fileRef = D9B2AEF81B3B2A5200E1F576 /* MyCartViewController.m */; };
		D9D2762C1B3B31920080AAB3 /* SDImageCache.m in Sources */ = {isa = PBXBuildFile; fileRef = D9D2761E1B3B31920080AAB3 /* SDImageCache.m */; };
		D9D2762D1B3B31920080AAB3 /* SDWebImageCompat.m in Sources */ = {isa = PBXBuildFile; fileRef = D9D276201B3B31920080AAB3 /* SDWebImageCompat.m */; };
		D9D2762E1B3B31920080AAB3 /* SDWebImageDecoder.m in Sources */ = {isa = PBXBuildFile; fileRef = D9D276221B3B31920080AAB3 /* SDWebImageDecoder.m */; };
		D9D2762F1B3B31920080AAB3 /* SDWebImageDownloader.m in Sources */ = {isa = PBXBuildFile; fileRef = D9D276241B3B31920080AAB3 /* SDWebImageDownloader.m */; };
		D9D276301B3B31920080AAB3 /* SDWebImageDownloaderOperation.m in Sources */ = {isa = PBXBuildFile; fileRef = D9D276261B3B31920080AAB3 /* SDWebImageDownloaderOperation.m */; };
		D9D276311B3B31920080AAB3 /* SDWebImageManager.m in Sources */ = {isa = PBXBuildFile; fileRef = D9D276281B3B31920080AAB3 /* SDWebImageManager.m */; };
		D9D276321B3B31920080AAB3 /* SDWebImagePrefetcher.m in Sources */ = {isa = PBXBuildFile; fileRef = D9D2762B1B3B31920080AAB3 /* SDWebImagePrefetcher.m */; };
		D9D276371B3B31A60080AAB3 /* UIButton+WebCache.m in Sources */ = {isa = PBXBuildFile; fileRef = D9D276341B3B31A60080AAB3 /* UIButton+WebCache.m */; };
		D9D276381B3B31A60080AAB3 /* UIImageView+WebCache.m in Sources */ = {isa = PBXBuildFile; fileRef = D9D276361B3B31A60080AAB3 /* UIImageView+WebCache.m */; };
		D9D2763B1B3B31AF0080AAB3 /* MKAnnotationView+WebCache.m in Sources */ = {isa = PBXBuildFile; fileRef = D9D2763A1B3B31AF0080AAB3 /* MKAnnotationView+WebCache.m */; };
		D9D2763D1B3B33E60080AAB3 /* MapKit.framework in Frameworks */ = {isa = PBXBuildFile; fileRef = D9D2763C1B3B33E60080AAB3 /* MapKit.framework */; };
		D9D2763F1B3B34A20080AAB3 /* CoreLocation.framework in Frameworks */ = {isa = PBXBuildFile; fileRef = D9D2763E1B3B34A20080AAB3 /* CoreLocation.framework */; };
		D9D276421B3B4E600080AAB3 /* eCDataCenter.m in Sources */ = {isa = PBXBuildFile; fileRef = D9D276411B3B4E600080AAB3 /* eCDataCenter.m */; };
/* End PBXBuildFile section */

/* Begin PBXContainerItemProxy section */
		D9B2AEDA1B3B245100E1F576 /* PBXContainerItemProxy */ = {
			isa = PBXContainerItemProxy;
			containerPortal = D9B2AEB51B3B245100E1F576 /* Project object */;
			proxyType = 1;
			remoteGlobalIDString = D9B2AEBC1B3B245100E1F576;
			remoteInfo = eComm;
		};
/* End PBXContainerItemProxy section */

/* Begin PBXFileReference section */
		0695580E70CEA60C5795DC5B /* Pods.debug.xcconfig */ = {isa = PBXFileReference; includeInIndex = 1; lastKnownFileType = text.xcconfig; name = Pods.debug.xcconfig; path = "Pods/Target Support Files/Pods/Pods.debug.xcconfig"; sourceTree = "<group>"; };
		82FFACB3C1AC11B5C4864FC7 /* libPods.a */ = {isa = PBXFileReference; explicitFileType = archive.ar; includeInIndex = 0; path = libPods.a; sourceTree = BUILT_PRODUCTS_DIR; };
		D9B2AEBD1B3B245100E1F576 /* eComm.app */ = {isa = PBXFileReference; explicitFileType = wrapper.application; includeInIndex = 0; path = eComm.app; sourceTree = BUILT_PRODUCTS_DIR; };
		D9B2AEC11B3B245100E1F576 /* Info.plist */ = {isa = PBXFileReference; lastKnownFileType = text.plist.xml; path = Info.plist; sourceTree = "<group>"; };
		D9B2AEC21B3B245100E1F576 /* main.m */ = {isa = PBXFileReference; lastKnownFileType = sourcecode.c.objc; path = main.m; sourceTree = "<group>"; };
		D9B2AEC41B3B245100E1F576 /* AppDelegate.h */ = {isa = PBXFileReference; lastKnownFileType = sourcecode.c.h; path = AppDelegate.h; sourceTree = "<group>"; };
		D9B2AEC51B3B245100E1F576 /* AppDelegate.m */ = {isa = PBXFileReference; lastKnownFileType = sourcecode.c.objc; path = AppDelegate.m; sourceTree = "<group>"; };
		D9B2AECE1B3B245100E1F576 /* Base */ = {isa = PBXFileReference; lastKnownFileType = file.storyboard; name = Base; path = Base.lproj/Main.storyboard; sourceTree = "<group>"; };
		D9B2AED01B3B245100E1F576 /* Images.xcassets */ = {isa = PBXFileReference; lastKnownFileType = folder.assetcatalog; path = Images.xcassets; sourceTree = "<group>"; };
		D9B2AED31B3B245100E1F576 /* Base */ = {isa = PBXFileReference; lastKnownFileType = file.xib; name = Base; path = Base.lproj/LaunchScreen.xib; sourceTree = "<group>"; };
		D9B2AED91B3B245100E1F576 /* eCommTests.xctest */ = {isa = PBXFileReference; explicitFileType = wrapper.cfbundle; includeInIndex = 0; path = eCommTests.xctest; sourceTree = BUILT_PRODUCTS_DIR; };
		D9B2AEDE1B3B245100E1F576 /* Info.plist */ = {isa = PBXFileReference; lastKnownFileType = text.plist.xml; path = Info.plist; sourceTree = "<group>"; };
		D9B2AEDF1B3B245100E1F576 /* eCommTests.m */ = {isa = PBXFileReference; lastKnownFileType = sourcecode.c.objc; path = eCommTests.m; sourceTree = "<group>"; };
		D9B2AEEC1B3B26F700E1F576 /* NearbyViewController.h */ = {isa = PBXFileReference; fileEncoding = 4; lastKnownFileType = sourcecode.c.h; path = NearbyViewController.h; sourceTree = "<group>"; };
		D9B2AEED1B3B26F700E1F576 /* NearbyViewController.m */ = {isa = PBXFileReference; fileEncoding = 4; lastKnownFileType = sourcecode.c.objc; path = NearbyViewController.m; sourceTree = "<group>"; };
		D9B2AEF11B3B27BD00E1F576 /* ShopListViewController.h */ = {isa = PBXFileReference; fileEncoding = 4; lastKnownFileType = sourcecode.c.h; path = ShopListViewController.h; sourceTree = "<group>"; };
		D9B2AEF21B3B27BD00E1F576 /* ShopListViewController.m */ = {isa = PBXFileReference; fileEncoding = 4; lastKnownFileType = sourcecode.c.objc; path = ShopListViewController.m; sourceTree = "<group>"; };
		D9B2AEF41B3B27CC00E1F576 /* ItemListViewController.h */ = {isa = PBXFileReference; fileEncoding = 4; lastKnownFileType = sourcecode.c.h; path = ItemListViewController.h; sourceTree = "<group>"; };
		D9B2AEF51B3B27CC00E1F576 /* ItemListViewController.m */ = {isa = PBXFileReference; fileEncoding = 4; lastKnownFileType = sourcecode.c.objc; path = ItemListViewController.m; sourceTree = "<group>"; };
		D9B2AEF71B3B2A5200E1F576 /* MyCartViewController.h */ = {isa = PBXFileReference; fileEncoding = 4; lastKnownFileType = sourcecode.c.h; path = MyCartViewController.h; sourceTree = "<group>"; };
		D9B2AEF81B3B2A5200E1F576 /* MyCartViewController.m */ = {isa = PBXFileReference; fileEncoding = 4; lastKnownFileType = sourcecode.c.objc; path = MyCartViewController.m; sourceTree = "<group>"; };
		D9D2761D1B3B31920080AAB3 /* SDImageCache.h */ = {isa = PBXFileReference; fileEncoding = 4; lastKnownFileType = sourcecode.c.h; path = SDImageCache.h; sourceTree = "<group>"; };
		D9D2761E1B3B31920080AAB3 /* SDImageCache.m */ = {isa = PBXFileReference; fileEncoding = 4; lastKnownFileType = sourcecode.c.objc; path = SDImageCache.m; sourceTree = "<group>"; };
		D9D2761F1B3B31920080AAB3 /* SDWebImageCompat.h */ = {isa = PBXFileReference; fileEncoding = 4; lastKnownFileType = sourcecode.c.h; path = SDWebImageCompat.h; sourceTree = "<group>"; };
		D9D276201B3B31920080AAB3 /* SDWebImageCompat.m */ = {isa = PBXFileReference; fileEncoding = 4; lastKnownFileType = sourcecode.c.objc; path = SDWebImageCompat.m; sourceTree = "<group>"; };
		D9D276211B3B31920080AAB3 /* SDWebImageDecoder.h */ = {isa = PBXFileReference; fileEncoding = 4; lastKnownFileType = sourcecode.c.h; path = SDWebImageDecoder.h; sourceTree = "<group>"; };
		D9D276221B3B31920080AAB3 /* SDWebImageDecoder.m */ = {isa = PBXFileReference; fileEncoding = 4; lastKnownFileType = sourcecode.c.objc; path = SDWebImageDecoder.m; sourceTree = "<group>"; };
		D9D276231B3B31920080AAB3 /* SDWebImageDownloader.h */ = {isa = PBXFileReference; fileEncoding = 4; lastKnownFileType = sourcecode.c.h; path = SDWebImageDownloader.h; sourceTree = "<group>"; };
		D9D276241B3B31920080AAB3 /* SDWebImageDownloader.m */ = {isa = PBXFileReference; fileEncoding = 4; lastKnownFileType = sourcecode.c.objc; path = SDWebImageDownloader.m; sourceTree = "<group>"; };
		D9D276251B3B31920080AAB3 /* SDWebImageDownloaderOperation.h */ = {isa = PBXFileReference; fileEncoding = 4; lastKnownFileType = sourcecode.c.h; path = SDWebImageDownloaderOperation.h; sourceTree = "<group>"; };
		D9D276261B3B31920080AAB3 /* SDWebImageDownloaderOperation.m */ = {isa = PBXFileReference; fileEncoding = 4; lastKnownFileType = sourcecode.c.objc; path = SDWebImageDownloaderOperation.m; sourceTree = "<group>"; };
		D9D276271B3B31920080AAB3 /* SDWebImageManager.h */ = {isa = PBXFileReference; fileEncoding = 4; lastKnownFileType = sourcecode.c.h; path = SDWebImageManager.h; sourceTree = "<group>"; };
		D9D276281B3B31920080AAB3 /* SDWebImageManager.m */ = {isa = PBXFileReference; fileEncoding = 4; lastKnownFileType = sourcecode.c.objc; path = SDWebImageManager.m; sourceTree = "<group>"; };
		D9D276291B3B31920080AAB3 /* SDWebImageOperation.h */ = {isa = PBXFileReference; fileEncoding = 4; lastKnownFileType = sourcecode.c.h; path = SDWebImageOperation.h; sourceTree = "<group>"; };
		D9D2762A1B3B31920080AAB3 /* SDWebImagePrefetcher.h */ = {isa = PBXFileReference; fileEncoding = 4; lastKnownFileType = sourcecode.c.h; path = SDWebImagePrefetcher.h; sourceTree = "<group>"; };
		D9D2762B1B3B31920080AAB3 /* SDWebImagePrefetcher.m */ = {isa = PBXFileReference; fileEncoding = 4; lastKnownFileType = sourcecode.c.objc; path = SDWebImagePrefetcher.m; sourceTree = "<group>"; };
		D9D276331B3B31A60080AAB3 /* UIButton+WebCache.h */ = {isa = PBXFileReference; fileEncoding = 4; lastKnownFileType = sourcecode.c.h; path = "UIButton+WebCache.h"; sourceTree = "<group>"; };
		D9D276341B3B31A60080AAB3 /* UIButton+WebCache.m */ = {isa = PBXFileReference; fileEncoding = 4; lastKnownFileType = sourcecode.c.objc; path = "UIButton+WebCache.m"; sourceTree = "<group>"; };
		D9D276351B3B31A60080AAB3 /* UIImageView+WebCache.h */ = {isa = PBXFileReference; fileEncoding = 4; lastKnownFileType = sourcecode.c.h; path = "UIImageView+WebCache.h"; sourceTree = "<group>"; };
		D9D276361B3B31A60080AAB3 /* UIImageView+WebCache.m */ = {isa = PBXFileReference; fileEncoding = 4; lastKnownFileType = sourcecode.c.objc; path = "UIImageView+WebCache.m"; sourceTree = "<group>"; };
		D9D276391B3B31AF0080AAB3 /* MKAnnotationView+WebCache.h */ = {isa = PBXFileReference; fileEncoding = 4; lastKnownFileType = sourcecode.c.h; path = "MKAnnotationView+WebCache.h"; sourceTree = "<group>"; };
		D9D2763A1B3B31AF0080AAB3 /* MKAnnotationView+WebCache.m */ = {isa = PBXFileReference; fileEncoding = 4; lastKnownFileType = sourcecode.c.objc; path = "MKAnnotationView+WebCache.m"; sourceTree = "<group>"; };
		D9D2763C1B3B33E60080AAB3 /* MapKit.framework */ = {isa = PBXFileReference; lastKnownFileType = wrapper.framework; name = MapKit.framework; path = System/Library/Frameworks/MapKit.framework; sourceTree = SDKROOT; };
		D9D2763E1B3B34A20080AAB3 /* CoreLocation.framework */ = {isa = PBXFileReference; lastKnownFileType = wrapper.framework; name = CoreLocation.framework; path = System/Library/Frameworks/CoreLocation.framework; sourceTree = SDKROOT; };
		D9D276401B3B4E600080AAB3 /* eCDataCenter.h */ = {isa = PBXFileReference; fileEncoding = 4; lastKnownFileType = sourcecode.c.h; path = eCDataCenter.h; sourceTree = "<group>"; };
		D9D276411B3B4E600080AAB3 /* eCDataCenter.m */ = {isa = PBXFileReference; fileEncoding = 4; lastKnownFileType = sourcecode.c.objc; path = eCDataCenter.m; sourceTree = "<group>"; };
		E2B46FA602114011FAB99328 /* Pods.release.xcconfig */ = {isa = PBXFileReference; includeInIndex = 1; lastKnownFileType = text.xcconfig; name = Pods.release.xcconfig; path = "Pods/Target Support Files/Pods/Pods.release.xcconfig"; sourceTree = "<group>"; };
/* End PBXFileReference section */

/* Begin PBXFrameworksBuildPhase section */
		D9B2AEBA1B3B245100E1F576 /* Frameworks */ = {
			isa = PBXFrameworksBuildPhase;
			buildActionMask = 2147483647;
			files = (
				D9D2763F1B3B34A20080AAB3 /* CoreLocation.framework in Frameworks */,
				D9D2763D1B3B33E60080AAB3 /* MapKit.framework in Frameworks */,
				28238EC363A5DE6E0424C7A6 /* libPods.a in Frameworks */,
			);
			runOnlyForDeploymentPostprocessing = 0;
		};
		D9B2AED61B3B245100E1F576 /* Frameworks */ = {
			isa = PBXFrameworksBuildPhase;
			buildActionMask = 2147483647;
			files = (
			);
			runOnlyForDeploymentPostprocessing = 0;
		};
/* End PBXFrameworksBuildPhase section */

/* Begin PBXGroup section */
		54E395DE9B2AD524FC0B1CC8 /* Frameworks */ = {
			isa = PBXGroup;
			children = (
				82FFACB3C1AC11B5C4864FC7 /* libPods.a */,
			);
			name = Frameworks;
			sourceTree = "<group>";
		};
		AC61BA81CB67C83A77202C35 /* Pods */ = {
			isa = PBXGroup;
			children = (
				0695580E70CEA60C5795DC5B /* Pods.debug.xcconfig */,
				E2B46FA602114011FAB99328 /* Pods.release.xcconfig */,
			);
			name = Pods;
			sourceTree = "<group>";
		};
		D9B2AEB41B3B245100E1F576 = {
			isa = PBXGroup;
			children = (
				D9B2AEBF1B3B245100E1F576 /* eComm */,
				D9B2AEDC1B3B245100E1F576 /* eCommTests */,
				D9B2AEBE1B3B245100E1F576 /* Products */,
				AC61BA81CB67C83A77202C35 /* Pods */,
				54E395DE9B2AD524FC0B1CC8 /* Frameworks */,
			);
			sourceTree = "<group>";
		};
		D9B2AEBE1B3B245100E1F576 /* Products */ = {
			isa = PBXGroup;
			children = (
				D9B2AEBD1B3B245100E1F576 /* eComm.app */,
				D9B2AED91B3B245100E1F576 /* eCommTests.xctest */,
			);
			name = Products;
			sourceTree = "<group>";
		};
		D9B2AEBF1B3B245100E1F576 /* eComm */ = {
			isa = PBXGroup;
			children = (
				D9D276431B3B4E640080AAB3 /* DataCenter */,
				D9D276401B3B4E600080AAB3 /* eCDataCenter.h */,
				D9D276411B3B4E600080AAB3 /* eCDataCenter.m */,
				D9B2AEE91B3B269000E1F576 /* AppDelegate */,
				D9B2AEEB1B3B26CA00E1F576 /* View controllers */,
				D9D2761B1B3B31560080AAB3 /* External Resources */,
				D9B2AEEA1B3B26A700E1F576 /* Other resources */,
				D9B2AEC01B3B245100E1F576 /* Supporting Files */,
			);
			path = eComm;
			sourceTree = "<group>";
		};
		D9B2AEC01B3B245100E1F576 /* Supporting Files */ = {
			isa = PBXGroup;
			children = (
				D9B2AEC11B3B245100E1F576 /* Info.plist */,
				D9B2AEC21B3B245100E1F576 /* main.m */,
			);
			name = "Supporting Files";
			sourceTree = "<group>";
		};
		D9B2AEDC1B3B245100E1F576 /* eCommTests */ = {
			isa = PBXGroup;
			children = (
				D9B2AEDF1B3B245100E1F576 /* eCommTests.m */,
				D9B2AEDD1B3B245100E1F576 /* Supporting Files */,
			);
			path = eCommTests;
			sourceTree = "<group>";
		};
		D9B2AEDD1B3B245100E1F576 /* Supporting Files */ = {
			isa = PBXGroup;
			children = (
				D9B2AEDE1B3B245100E1F576 /* Info.plist */,
			);
			name = "Supporting Files";
			sourceTree = "<group>";
		};
		D9B2AEE91B3B269000E1F576 /* AppDelegate */ = {
			isa = PBXGroup;
			children = (
				D9B2AEC41B3B245100E1F576 /* AppDelegate.h */,
				D9B2AEC51B3B245100E1F576 /* AppDelegate.m */,
			);
			name = AppDelegate;
			sourceTree = "<group>";
		};
		D9B2AEEA1B3B26A700E1F576 /* Other resources */ = {
			isa = PBXGroup;
			children = (
				D9D2763E1B3B34A20080AAB3 /* CoreLocation.framework */,
				D9D2763C1B3B33E60080AAB3 /* MapKit.framework */,
				D9B2AECD1B3B245100E1F576 /* Main.storyboard */,
				D9B2AED01B3B245100E1F576 /* Images.xcassets */,
				D9B2AED21B3B245100E1F576 /* LaunchScreen.xib */,
			);
			name = "Other resources";
			sourceTree = "<group>";
		};
		D9B2AEEB1B3B26CA00E1F576 /* View controllers */ = {
			isa = PBXGroup;
			children = (
				D9B2AEEC1B3B26F700E1F576 /* NearbyViewController.h */,
				D9B2AEED1B3B26F700E1F576 /* NearbyViewController.m */,
				D9B2AEF11B3B27BD00E1F576 /* ShopListViewController.h */,
				D9B2AEF21B3B27BD00E1F576 /* ShopListViewController.m */,
				D9B2AEF41B3B27CC00E1F576 /* ItemListViewController.h */,
				D9B2AEF51B3B27CC00E1F576 /* ItemListViewController.m */,
				D9B2AEF71B3B2A5200E1F576 /* MyCartViewController.h */,
				D9B2AEF81B3B2A5200E1F576 /* MyCartViewController.m */,
			);
			name = "View controllers";
			sourceTree = "<group>";
		};
		D9D2761B1B3B31560080AAB3 /* External Resources */ = {
			isa = PBXGroup;
			children = (
				D9D2761C1B3B316D0080AAB3 /* SDWebImage */,
			);
			name = "External Resources";
			sourceTree = "<group>";
		};
		D9D2761C1B3B316D0080AAB3 /* SDWebImage */ = {
			isa = PBXGroup;
			children = (
				D9D276391B3B31AF0080AAB3 /* MKAnnotationView+WebCache.h */,
				D9D2763A1B3B31AF0080AAB3 /* MKAnnotationView+WebCache.m */,
				D9D2761D1B3B31920080AAB3 /* SDImageCache.h */,
				D9D2761E1B3B31920080AAB3 /* SDImageCache.m */,
				D9D2761F1B3B31920080AAB3 /* SDWebImageCompat.h */,
				D9D276201B3B31920080AAB3 /* SDWebImageCompat.m */,
				D9D276211B3B31920080AAB3 /* SDWebImageDecoder.h */,
				D9D276221B3B31920080AAB3 /* SDWebImageDecoder.m */,
				D9D276231B3B31920080AAB3 /* SDWebImageDownloader.h */,
				D9D276241B3B31920080AAB3 /* SDWebImageDownloader.m */,
				D9D276251B3B31920080AAB3 /* SDWebImageDownloaderOperation.h */,
				D9D276261B3B31920080AAB3 /* SDWebImageDownloaderOperation.m */,
				D9D276271B3B31920080AAB3 /* SDWebImageManager.h */,
				D9D276281B3B31920080AAB3 /* SDWebImageManager.m */,
				D9D276291B3B31920080AAB3 /* SDWebImageOperation.h */,
				D9D2762A1B3B31920080AAB3 /* SDWebImagePrefetcher.h */,
				D9D2762B1B3B31920080AAB3 /* SDWebImagePrefetcher.m */,
				D9D276331B3B31A60080AAB3 /* UIButton+WebCache.h */,
				D9D276341B3B31A60080AAB3 /* UIButton+WebCache.m */,
				D9D276351B3B31A60080AAB3 /* UIImageView+WebCache.h */,
				D9D276361B3B31A60080AAB3 /* UIImageView+WebCache.m */,
			);
			name = SDWebImage;
			sourceTree = "<group>";
		};
		D9D276431B3B4E640080AAB3 /* DataCenter */ = {
			isa = PBXGroup;
			children = (
			);
			name = DataCenter;
			sourceTree = "<group>";
		};
/* End PBXGroup section */

/* Begin PBXNativeTarget section */
		D9B2AEBC1B3B245100E1F576 /* eComm */ = {
			isa = PBXNativeTarget;
			buildConfigurationList = D9B2AEE31B3B245100E1F576 /* Build configuration list for PBXNativeTarget "eComm" */;
			buildPhases = (
				29DDFB346766697C9688121B /* Check Pods Manifest.lock */,
				D9B2AEB91B3B245100E1F576 /* Sources */,
				D9B2AEBA1B3B245100E1F576 /* Frameworks */,
				D9B2AEBB1B3B245100E1F576 /* Resources */,
				63FCC3373BDE026A03C9D480 /* Copy Pods Resources */,
			);
			buildRules = (
			);
			dependencies = (
			);
			name = eComm;
			productName = eComm;
			productReference = D9B2AEBD1B3B245100E1F576 /* eComm.app */;
			productType = "com.apple.product-type.application";
		};
		D9B2AED81B3B245100E1F576 /* eCommTests */ = {
			isa = PBXNativeTarget;
			buildConfigurationList = D9B2AEE61B3B245100E1F576 /* Build configuration list for PBXNativeTarget "eCommTests" */;
			buildPhases = (
				D9B2AED51B3B245100E1F576 /* Sources */,
				D9B2AED61B3B245100E1F576 /* Frameworks */,
				D9B2AED71B3B245100E1F576 /* Resources */,
			);
			buildRules = (
			);
			dependencies = (
				D9B2AEDB1B3B245100E1F576 /* PBXTargetDependency */,
			);
			name = eCommTests;
			productName = eCommTests;
			productReference = D9B2AED91B3B245100E1F576 /* eCommTests.xctest */;
			productType = "com.apple.product-type.bundle.unit-test";
		};
/* End PBXNativeTarget section */

/* Begin PBXProject section */
		D9B2AEB51B3B245100E1F576 /* Project object */ = {
			isa = PBXProject;
			attributes = {
				LastUpgradeCheck = 0630;
				ORGANIZATIONNAME = Imayaselvan;
				TargetAttributes = {
					D9B2AEBC1B3B245100E1F576 = {
						CreatedOnToolsVersion = 6.3.2;
					};
					D9B2AED81B3B245100E1F576 = {
						CreatedOnToolsVersion = 6.3.2;
						TestTargetID = D9B2AEBC1B3B245100E1F576;
					};
				};
			};
			buildConfigurationList = D9B2AEB81B3B245100E1F576 /* Build configuration list for PBXProject "eComm" */;
			compatibilityVersion = "Xcode 3.2";
			developmentRegion = English;
			hasScannedForEncodings = 0;
			knownRegions = (
				en,
				Base,
			);
			mainGroup = D9B2AEB41B3B245100E1F576;
			productRefGroup = D9B2AEBE1B3B245100E1F576 /* Products */;
			projectDirPath = "";
			projectRoot = "";
			targets = (
				D9B2AEBC1B3B245100E1F576 /* eComm */,
				D9B2AED81B3B245100E1F576 /* eCommTests */,
			);
		};
/* End PBXProject section */

/* Begin PBXResourcesBuildPhase section */
		D9B2AEBB1B3B245100E1F576 /* Resources */ = {
			isa = PBXResourcesBuildPhase;
			buildActionMask = 2147483647;
			files = (
				D9B2AECF1B3B245100E1F576 /* Main.storyboard in Resources */,
				D9B2AED41B3B245100E1F576 /* LaunchScreen.xib in Resources */,
				D9B2AED11B3B245100E1F576 /* Images.xcassets in Resources */,
			);
			runOnlyForDeploymentPostprocessing = 0;
		};
		D9B2AED71B3B245100E1F576 /* Resources */ = {
			isa = PBXResourcesBuildPhase;
			buildActionMask = 2147483647;
			files = (
			);
			runOnlyForDeploymentPostprocessing = 0;
		};
/* End PBXResourcesBuildPhase section */

/* Begin PBXShellScriptBuildPhase section */
		29DDFB346766697C9688121B /* Check Pods Manifest.lock */ = {
			isa = PBXShellScriptBuildPhase;
			buildActionMask = 2147483647;
			files = (
			);
			inputPaths = (
			);
			name = "Check Pods Manifest.lock";
			outputPaths = (
			);
			runOnlyForDeploymentPostprocessing = 0;
			shellPath = /bin/sh;
			shellScript = "diff \"${PODS_ROOT}/../Podfile.lock\" \"${PODS_ROOT}/Manifest.lock\" > /dev/null\nif [[ $? != 0 ]] ; then\n    cat << EOM\nerror: The sandbox is not in sync with the Podfile.lock. Run 'pod install' or update your CocoaPods installation.\nEOM\n    exit 1\nfi\n";
			showEnvVarsInLog = 0;
		};
		63FCC3373BDE026A03C9D480 /* Copy Pods Resources */ = {
			isa = PBXShellScriptBuildPhase;
			buildActionMask = 2147483647;
			files = (
			);
			inputPaths = (
			);
			name = "Copy Pods Resources";
			outputPaths = (
			);
			runOnlyForDeploymentPostprocessing = 0;
			shellPath = /bin/sh;
			shellScript = "\"${SRCROOT}/Pods/Target Support Files/Pods/Pods-resources.sh\"\n";
			showEnvVarsInLog = 0;
		};
/* End PBXShellScriptBuildPhase section */

/* Begin PBXSourcesBuildPhase section */
		D9B2AEB91B3B245100E1F576 /* Sources */ = {
			isa = PBXSourcesBuildPhase;
			buildActionMask = 2147483647;
			files = (
				D9D276301B3B31920080AAB3 /* SDWebImageDownloaderOperation.m in Sources */,
				D9D2763B1B3B31AF0080AAB3 /* MKAnnotationView+WebCache.m in Sources */,
				D9B2AEF61B3B27CC00E1F576 /* ItemListViewController.m in Sources */,
				D9D276381B3B31A60080AAB3 /* UIImageView+WebCache.m in Sources */,
				D9D2762D1B3B31920080AAB3 /* SDWebImageCompat.m in Sources */,
				D9D276321B3B31920080AAB3 /* SDWebImagePrefetcher.m in Sources */,
				D9B2AEEE1B3B26F700E1F576 /* NearbyViewController.m in Sources */,
				D9B2AEC61B3B245100E1F576 /* AppDelegate.m in Sources */,
				D9D2762F1B3B31920080AAB3 /* SDWebImageDownloader.m in Sources */,
				D9D276371B3B31A60080AAB3 /* UIButton+WebCache.m in Sources */,
				D9D276421B3B4E600080AAB3 /* eCDataCenter.m in Sources */,
				D9B2AEF31B3B27BD00E1F576 /* ShopListViewController.m in Sources */,
				D9B2AEF91B3B2A5200E1F576 /* MyCartViewController.m in Sources */,
				D9B2AEC31B3B245100E1F576 /* main.m in Sources */,
				D9D276311B3B31920080AAB3 /* SDWebImageManager.m in Sources */,
				D9D2762E1B3B31920080AAB3 /* SDWebImageDecoder.m in Sources */,
				D9D2762C1B3B31920080AAB3 /* SDImageCache.m in Sources */,
			);
			runOnlyForDeploymentPostprocessing = 0;
		};
		D9B2AED51B3B245100E1F576 /* Sources */ = {
			isa = PBXSourcesBuildPhase;
			buildActionMask = 2147483647;
			files = (
				D9B2AEE01B3B245100E1F576 /* eCommTests.m in Sources */,
			);
			runOnlyForDeploymentPostprocessing = 0;
		};
/* End PBXSourcesBuildPhase section */

/* Begin PBXTargetDependency section */
		D9B2AEDB1B3B245100E1F576 /* PBXTargetDependency */ = {
			isa = PBXTargetDependency;
			target = D9B2AEBC1B3B245100E1F576 /* eComm */;
			targetProxy = D9B2AEDA1B3B245100E1F576 /* PBXContainerItemProxy */;
		};
/* End PBXTargetDependency section */

/* Begin PBXVariantGroup section */
		D9B2AECD1B3B245100E1F576 /* Main.storyboard */ = {
			isa = PBXVariantGroup;
			children = (
				D9B2AECE1B3B245100E1F576 /* Base */,
			);
			name = Main.storyboard;
			sourceTree = "<group>";
		};
		D9B2AED21B3B245100E1F576 /* LaunchScreen.xib */ = {
			isa = PBXVariantGroup;
			children = (
				D9B2AED31B3B245100E1F576 /* Base */,
			);
			name = LaunchScreen.xib;
			sourceTree = "<group>";
		};
/* End PBXVariantGroup section */

/* Begin XCBuildConfiguration section */
		D9B2AEE11B3B245100E1F576 /* Debug */ = {
			isa = XCBuildConfiguration;
			buildSettings = {
				ALWAYS_SEARCH_USER_PATHS = NO;
				CLANG_CXX_LANGUAGE_STANDARD = "gnu++0x";
				CLANG_CXX_LIBRARY = "libc++";
				CLANG_ENABLE_MODULES = YES;
				CLANG_ENABLE_OBJC_ARC = YES;
				CLANG_WARN_BOOL_CONVERSION = YES;
				CLANG_WARN_CONSTANT_CONVERSION = YES;
				CLANG_WARN_DIRECT_OBJC_ISA_USAGE = YES_ERROR;
				CLANG_WARN_EMPTY_BODY = YES;
				CLANG_WARN_ENUM_CONVERSION = YES;
				CLANG_WARN_INT_CONVERSION = YES;
				CLANG_WARN_OBJC_ROOT_CLASS = YES_ERROR;
				CLANG_WARN_UNREACHABLE_CODE = YES;
				CLANG_WARN__DUPLICATE_METHOD_MATCH = YES;
				"CODE_SIGN_IDENTITY[sdk=iphoneos*]" = "iPhone Developer";
				COPY_PHASE_STRIP = NO;
				DEBUG_INFORMATION_FORMAT = "dwarf-with-dsym";
				ENABLE_STRICT_OBJC_MSGSEND = YES;
				GCC_C_LANGUAGE_STANDARD = gnu99;
				GCC_DYNAMIC_NO_PIC = NO;
				GCC_NO_COMMON_BLOCKS = YES;
				GCC_OPTIMIZATION_LEVEL = 0;
				GCC_PREPROCESSOR_DEFINITIONS = (
					"DEBUG=1",
					"$(inherited)",
				);
				GCC_SYMBOLS_PRIVATE_EXTERN = NO;
				GCC_WARN_64_TO_32_BIT_CONVERSION = YES;
				GCC_WARN_ABOUT_RETURN_TYPE = YES_ERROR;
				GCC_WARN_UNDECLARED_SELECTOR = YES;
				GCC_WARN_UNINITIALIZED_AUTOS = YES_AGGRESSIVE;
				GCC_WARN_UNUSED_FUNCTION = YES;
				GCC_WARN_UNUSED_VARIABLE = YES;
				IPHONEOS_DEPLOYMENT_TARGET = 8.3;
				MTL_ENABLE_DEBUG_INFO = YES;
				ONLY_ACTIVE_ARCH = YES;
				SDKROOT = iphoneos;
				TARGETED_DEVICE_FAMILY = "1,2";
			};
			name = Debug;
		};
		D9B2AEE21B3B245100E1F576 /* Release */ = {
			isa = XCBuildConfiguration;
			buildSettings = {
				ALWAYS_SEARCH_USER_PATHS = NO;
				CLANG_CXX_LANGUAGE_STANDARD = "gnu++0x";
				CLANG_CXX_LIBRARY = "libc++";
				CLANG_ENABLE_MODULES = YES;
				CLANG_ENABLE_OBJC_ARC = YES;
				CLANG_WARN_BOOL_CONVERSION = YES;
				CLANG_WARN_CONSTANT_CONVERSION = YES;
				CLANG_WARN_DIRECT_OBJC_ISA_USAGE = YES_ERROR;
				CLANG_WARN_EMPTY_BODY = YES;
				CLANG_WARN_ENUM_CONVERSION = YES;
				CLANG_WARN_INT_CONVERSION = YES;
				CLANG_WARN_OBJC_ROOT_CLASS = YES_ERROR;
				CLANG_WARN_UNREACHABLE_CODE = YES;
				CLANG_WARN__DUPLICATE_METHOD_MATCH = YES;
				"CODE_SIGN_IDENTITY[sdk=iphoneos*]" = "iPhone Developer";
				COPY_PHASE_STRIP = NO;
				DEBUG_INFORMATION_FORMAT = "dwarf-with-dsym";
				ENABLE_NS_ASSERTIONS = NO;
				ENABLE_STRICT_OBJC_MSGSEND = YES;
				GCC_C_LANGUAGE_STANDARD = gnu99;
				GCC_NO_COMMON_BLOCKS = YES;
				GCC_WARN_64_TO_32_BIT_CONVERSION = YES;
				GCC_WARN_ABOUT_RETURN_TYPE = YES_ERROR;
				GCC_WARN_UNDECLARED_SELECTOR = YES;
				GCC_WARN_UNINITIALIZED_AUTOS = YES_AGGRESSIVE;
				GCC_WARN_UNUSED_FUNCTION = YES;
				GCC_WARN_UNUSED_VARIABLE = YES;
				IPHONEOS_DEPLOYMENT_TARGET = 8.3;
				MTL_ENABLE_DEBUG_INFO = NO;
				SDKROOT = iphoneos;
				TARGETED_DEVICE_FAMILY = "1,2";
				VALIDATE_PRODUCT = YES;
			};
			name = Release;
		};
		D9B2AEE41B3B245100E1F576 /* Debug */ = {
			isa = XCBuildConfiguration;
			baseConfigurationReference = 0695580E70CEA60C5795DC5B /* Pods.debug.xcconfig */;
			buildSettings = {
				ASSETCATALOG_COMPILER_APPICON_NAME = AppIcon;
				INFOPLIST_FILE = eComm/Info.plist;
				IPHONEOS_DEPLOYMENT_TARGET = 8.0;
				LD_RUNPATH_SEARCH_PATHS = "$(inherited) @executable_path/Frameworks";
				PRODUCT_NAME = "$(TARGET_NAME)";
			};
			name = Debug;
		};
		D9B2AEE51B3B245100E1F576 /* Release */ = {
			isa = XCBuildConfiguration;
			baseConfigurationReference = E2B46FA602114011FAB99328 /* Pods.release.xcconfig */;
			buildSettings = {
				ASSETCATALOG_COMPILER_APPICON_NAME = AppIcon;
				INFOPLIST_FILE = eComm/Info.plist;
				IPHONEOS_DEPLOYMENT_TARGET = 8.0;
				LD_RUNPATH_SEARCH_PATHS = "$(inherited) @executable_path/Frameworks";
				PRODUCT_NAME = "$(TARGET_NAME)";
			};
			name = Release;
		};
		D9B2AEE71B3B245100E1F576 /* Debug */ = {
			isa = XCBuildConfiguration;
			buildSettings = {
				BUNDLE_LOADER = "$(TEST_HOST)";
				FRAMEWORK_SEARCH_PATHS = (
					"$(SDKROOT)/Developer/Library/Frameworks",
					"$(inherited)",
				);
				GCC_PREPROCESSOR_DEFINITIONS = (
					"DEBUG=1",
					"$(inherited)",
				);
				INFOPLIST_FILE = eCommTests/Info.plist;
				LD_RUNPATH_SEARCH_PATHS = "$(inherited) @executable_path/Frameworks @loader_path/Frameworks";
				PRODUCT_NAME = "$(TARGET_NAME)";
				TEST_HOST = "$(BUILT_PRODUCTS_DIR)/eComm.app/eComm";
			};
			name = Debug;
		};
		D9B2AEE81B3B245100E1F576 /* Release */ = {
			isa = XCBuildConfiguration;
			buildSettings = {
				BUNDLE_LOADER = "$(TEST_HOST)";
				FRAMEWORK_SEARCH_PATHS = (
					"$(SDKROOT)/Developer/Library/Frameworks",
					"$(inherited)",
				);
				INFOPLIST_FILE = eCommTests/Info.plist;
				LD_RUNPATH_SEARCH_PATHS = "$(inherited) @executable_path/Frameworks @loader_path/Frameworks";
				PRODUCT_NAME = "$(TARGET_NAME)";
				TEST_HOST = "$(BUILT_PRODUCTS_DIR)/eComm.app/eComm";
			};
			name = Release;
		};
/* End XCBuildConfiguration section */

/* Begin XCConfigurationList section */
		D9B2AEB81B3B245100E1F576 /* Build configuration list for PBXProject "eComm" */ = {
			isa = XCConfigurationList;
			buildConfigurations = (
				D9B2AEE11B3B245100E1F576 /* Debug */,
				D9B2AEE21B3B245100E1F576 /* Release */,
			);
			defaultConfigurationIsVisible = 0;
			defaultConfigurationName = Release;
		};
		D9B2AEE31B3B245100E1F576 /* Build configuration list for PBXNativeTarget "eComm" */ = {
			isa = XCConfigurationList;
			buildConfigurations = (
				D9B2AEE41B3B245100E1F576 /* Debug */,
				D9B2AEE51B3B245100E1F576 /* Release */,
			);
			defaultConfigurationIsVisible = 0;
			defaultConfigurationName = Release;
		};
		D9B2AEE61B3B245100E1F576 /* Build configuration list for PBXNativeTarget "eCommTests" */ = {
			isa = XCConfigurationList;
			buildConfigurations = (
				D9B2AEE71B3B245100E1F576 /* Debug */,
				D9B2AEE81B3B245100E1F576 /* Release */,
			);
			defaultConfigurationIsVisible = 0;
			defaultConfigurationName = Release;
		};
/* End XCConfigurationList section */
	};
	rootObject = D9B2AEB51B3B245100E1F576 /* Project object */;
}
